
Microsoft Visual Studio Solution File, Format Version 12.00
Project("{2150E333-8FDC-42A3-9474-1A3956D46DE8}") = "Namespace.ProjectName.Api", "Namespace.ProjectName.Api", "{F7353AFD-95B4-4B4D-8EFE-C7DF03118B50}"
EndProject
Project("{2150E333-8FDC-42A3-9474-1A3956D46DE8}") = "Namespace.ProjectName.Application", "Namespace.ProjectName.Application", "{12A7F332-CF99-4A8D-A398-964D0C539978}"
EndProject
Project("{2150E333-8FDC-42A3-9474-1A3956D46DE8}") = "Namespace.ProjectName.Domain", "Namespace.ProjectName.Domain", "{1BA75886-DBC9-4704-B9A4-0F4E5DCC8A56}"
EndProject
Project("{2150E333-8FDC-42A3-9474-1A3956D46DE8}") = "Namespace.ProjectName.Infrastructure", "Namespace.ProjectName.Infrastructure", "{08D999AE-D012-405A-B442-FBDC669E884F}"
EndProject
Project("{2150E333-8FDC-42A3-9474-1A3956D46DE8}") = "Namespace.ProjectName.Persistence", "Namespace.ProjectName.Persistence", "{BF11E936-B23E-487B-A853-BCF1947C21E5}"
EndProject
Project("{2150E333-8FDC-42A3-9474-1A3956D46DE8}") = "Namespace.ProjectName.Test", "Namespace.ProjectName.Test", "{E0580806-7E63-4303-B71C-A26E3B167644}"
EndProject
Project("{FAE04EC0-301F-11D3-BF4B-00C04F79EFBC}") = "Namespace.ProjectName.Api.WebApi", "Namespace.ProjectName.Api.WebApi\Namespace.ProjectName.Api.WebApi.csproj", "{3D93DD7C-AE41-41FD-AAAA-CB52FE76C989}"
EndProject
Project("{FAE04EC0-301F-11D3-BF4B-00C04F79EFBC}") = "Namespace.ProjectName.Application.Contract", "Namespace.ProjectName.Application.Contract\Namespace.ProjectName.Application.Contract.csproj", "{C02D2BB7-8DE5-41C2-99B8-0AA5E2970D07}"
EndProject
Project("{FAE04EC0-301F-11D3-BF4B-00C04F79EFBC}") = "Namespace.ProjectName.Application.Implementation", "Namespace.ProjectName.Application.Implementation\Namespace.ProjectName.Application.Implementation.csproj", "{5ED335F7-8E3A-44D5-9D8E-3F0C83622831}"
EndProject
Project("{FAE04EC0-301F-11D3-BF4B-00C04F79EFBC}") = "Namespace.ProjectName.Domain.Contract", "Namespace.ProjectName.Domain.Contract\Namespace.ProjectName.Domain.Contract.csproj", "{B3ECCC68-4D78-4370-BFE4-287D11DFCC68}"
EndProject
Project("{FAE04EC0-301F-11D3-BF4B-00C04F79EFBC}") = "Namespace.ProjectName.Domain.Implementation", "Namespace.ProjectName.Domain.Implementation\Namespace.ProjectName.Domain.Implementation.csproj", "{79B55CF8-2E32-4D71-A01E-3EA749BBD193}"
EndProject
Project("{FAE04EC0-301F-11D3-BF4B-00C04F79EFBC}") = "Namespace.ProjectName.Infrastructure.Contract", "Namespace.ProjectName.Infrastructure.Contract\Namespace.ProjectName.Infrastructure.Contract.csproj", "{BC6BD8D0-03FE-4DDB-9FB2-56070C1FB413}"
EndProject
Project("{FAE04EC0-301F-11D3-BF4B-00C04F79EFBC}") = "Namespace.ProjectName.Infrastructure.Implementation", "Namespace.ProjectName.Infrastructure.Implementation\Namespace.ProjectName.Infrastructure.Implementation.csproj", "{C3D135C7-2C02-4403-A0F7-B7BBC209E8AD}"
EndProject
Project("{FAE04EC0-301F-11D3-BF4B-00C04F79EFBC}") = "Namespace.ProjectName.Persistence.Contract", "Namespace.ProjectName.Persistence.Contract\Namespace.ProjectName.Persistence.Contract.csproj", "{A45AC4F8-EB4C-4326-9A8B-3D058A0AA1EB}"
EndProject
Project("{FAE04EC0-301F-11D3-BF4B-00C04F79EFBC}") = "Namespace.ProjectName.Persistence.Implementation", "Namespace.ProjectName.Persistence.Implementation\Namespace.ProjectName.Persistence.Implementation.csproj", "{04082D5A-FA44-466B-9CEF-DED821BDCEA1}"
EndProject
Project("{2150E333-8FDC-42A3-9474-1A3956D46DE8}") = "Namespace.ProjectName.Common", "Namespace.ProjectName.Common", "{90549097-1953-4091-BFEF-F2696A762FCA}"
EndProject
Project("{FAE04EC0-301F-11D3-BF4B-00C04F79EFBC}") = "Namespace.ProjectName.Common.IoC", "Namespace.ProjectName.Common.IoC\Namespace.ProjectName.Common.IoC.csproj", "{0D4813FF-54CD-4328-80E7-8A981E5384C3}"
EndProject
Global
	GlobalSection(SolutionConfigurationPlatforms) = preSolution
		Debug|Any CPU = Debug|Any CPU
		Release|Any CPU = Release|Any CPU
	EndGlobalSection
	GlobalSection(NestedProjects) = preSolution
		{3D93DD7C-AE41-41FD-AAAA-CB52FE76C989} = {F7353AFD-95B4-4B4D-8EFE-C7DF03118B50}
		{C02D2BB7-8DE5-41C2-99B8-0AA5E2970D07} = {12A7F332-CF99-4A8D-A398-964D0C539978}
		{5ED335F7-8E3A-44D5-9D8E-3F0C83622831} = {12A7F332-CF99-4A8D-A398-964D0C539978}
		{B3ECCC68-4D78-4370-BFE4-287D11DFCC68} = {1BA75886-DBC9-4704-B9A4-0F4E5DCC8A56}
		{79B55CF8-2E32-4D71-A01E-3EA749BBD193} = {1BA75886-DBC9-4704-B9A4-0F4E5DCC8A56}
		{BC6BD8D0-03FE-4DDB-9FB2-56070C1FB413} = {08D999AE-D012-405A-B442-FBDC669E884F}
		{C3D135C7-2C02-4403-A0F7-B7BBC209E8AD} = {08D999AE-D012-405A-B442-FBDC669E884F}
		{A45AC4F8-EB4C-4326-9A8B-3D058A0AA1EB} = {BF11E936-B23E-487B-A853-BCF1947C21E5}
		{04082D5A-FA44-466B-9CEF-DED821BDCEA1} = {BF11E936-B23E-487B-A853-BCF1947C21E5}
		{0D4813FF-54CD-4328-80E7-8A981E5384C3} = {90549097-1953-4091-BFEF-F2696A762FCA}
	EndGlobalSection
	GlobalSection(ProjectConfigurationPlatforms) = postSolution
		{3D93DD7C-AE41-41FD-AAAA-CB52FE76C989}.Debug|Any CPU.ActiveCfg = Debug|Any CPU
		{3D93DD7C-AE41-41FD-AAAA-CB52FE76C989}.Debug|Any CPU.Build.0 = Debug|Any CPU
		{3D93DD7C-AE41-41FD-AAAA-CB52FE76C989}.Release|Any CPU.ActiveCfg = Release|Any CPU
		{3D93DD7C-AE41-41FD-AAAA-CB52FE76C989}.Release|Any CPU.Build.0 = Release|Any CPU
		{C02D2BB7-8DE5-41C2-99B8-0AA5E2970D07}.Debug|Any CPU.ActiveCfg = Debug|Any CPU
		{C02D2BB7-8DE5-41C2-99B8-0AA5E2970D07}.Debug|Any CPU.Build.0 = Debug|Any CPU
		{C02D2BB7-8DE5-41C2-99B8-0AA5E2970D07}.Release|Any CPU.ActiveCfg = Release|Any CPU
		{C02D2BB7-8DE5-41C2-99B8-0AA5E2970D07}.Release|Any CPU.Build.0 = Release|Any CPU
		{5ED335F7-8E3A-44D5-9D8E-3F0C83622831}.Debug|Any CPU.ActiveCfg = Debug|Any CPU
		{5ED335F7-8E3A-44D5-9D8E-3F0C83622831}.Debug|Any CPU.Build.0 = Debug|Any CPU
		{5ED335F7-8E3A-44D5-9D8E-3F0C83622831}.Release|Any CPU.ActiveCfg = Release|Any CPU
		{5ED335F7-8E3A-44D5-9D8E-3F0C83622831}.Release|Any CPU.Build.0 = Release|Any CPU
		{B3ECCC68-4D78-4370-BFE4-287D11DFCC68}.Debug|Any CPU.ActiveCfg = Debug|Any CPU
		{B3ECCC68-4D78-4370-BFE4-287D11DFCC68}.Debug|Any CPU.Build.0 = Debug|Any CPU
		{B3ECCC68-4D78-4370-BFE4-287D11DFCC68}.Release|Any CPU.ActiveCfg = Release|Any CPU
		{B3ECCC68-4D78-4370-BFE4-287D11DFCC68}.Release|Any CPU.Build.0 = Release|Any CPU
		{79B55CF8-2E32-4D71-A01E-3EA749BBD193}.Debug|Any CPU.ActiveCfg = Debug|Any CPU
		{79B55CF8-2E32-4D71-A01E-3EA749BBD193}.Debug|Any CPU.Build.0 = Debug|Any CPU
		{79B55CF8-2E32-4D71-A01E-3EA749BBD193}.Release|Any CPU.ActiveCfg = Release|Any CPU
		{79B55CF8-2E32-4D71-A01E-3EA749BBD193}.Release|Any CPU.Build.0 = Release|Any CPU
		{BC6BD8D0-03FE-4DDB-9FB2-56070C1FB413}.Debug|Any CPU.ActiveCfg = Debug|Any CPU
		{BC6BD8D0-03FE-4DDB-9FB2-56070C1FB413}.Debug|Any CPU.Build.0 = Debug|Any CPU
		{BC6BD8D0-03FE-4DDB-9FB2-56070C1FB413}.Release|Any CPU.ActiveCfg = Release|Any CPU
		{BC6BD8D0-03FE-4DDB-9FB2-56070C1FB413}.Release|Any CPU.Build.0 = Release|Any CPU
		{C3D135C7-2C02-4403-A0F7-B7BBC209E8AD}.Debug|Any CPU.ActiveCfg = Debug|Any CPU
		{C3D135C7-2C02-4403-A0F7-B7BBC209E8AD}.Debug|Any CPU.Build.0 = Debug|Any CPU
		{C3D135C7-2C02-4403-A0F7-B7BBC209E8AD}.Release|Any CPU.ActiveCfg = Release|Any CPU
		{C3D135C7-2C02-4403-A0F7-B7BBC209E8AD}.Release|Any CPU.Build.0 = Release|Any CPU
		{A45AC4F8-EB4C-4326-9A8B-3D058A0AA1EB}.Debug|Any CPU.ActiveCfg = Debug|Any CPU
		{A45AC4F8-EB4C-4326-9A8B-3D058A0AA1EB}.Debug|Any CPU.Build.0 = Debug|Any CPU
		{A45AC4F8-EB4C-4326-9A8B-3D058A0AA1EB}.Release|Any CPU.ActiveCfg = Release|Any CPU
		{A45AC4F8-EB4C-4326-9A8B-3D058A0AA1EB}.Release|Any CPU.Build.0 = Release|Any CPU
		{04082D5A-FA44-466B-9CEF-DED821BDCEA1}.Debug|Any CPU.ActiveCfg = Debug|Any CPU
		{04082D5A-FA44-466B-9CEF-DED821BDCEA1}.Debug|Any CPU.Build.0 = Debug|Any CPU
		{04082D5A-FA44-466B-9CEF-DED821BDCEA1}.Release|Any CPU.ActiveCfg = Release|Any CPU
		{04082D5A-FA44-466B-9CEF-DED821BDCEA1}.Release|Any CPU.Build.0 = Release|Any CPU
		{0D4813FF-54CD-4328-80E7-8A981E5384C3}.Debug|Any CPU.ActiveCfg = Debug|Any CPU
		{0D4813FF-54CD-4328-80E7-8A981E5384C3}.Debug|Any CPU.Build.0 = Debug|Any CPU
		{0D4813FF-54CD-4328-80E7-8A981E5384C3}.Release|Any CPU.ActiveCfg = Release|Any CPU
		{0D4813FF-54CD-4328-80E7-8A981E5384C3}.Release|Any CPU.Build.0 = Release|Any CPU
	EndGlobalSection
EndGlobal
